// !$*UTF8*$!
{
	archiveVersion = 1;
	classes = {
	};
	objectVersion = 50;
	objects = {

/* Begin PBXBuildFile section */
		CE063C8624CFD24300C6C855 /* Grid+Inits.swift in Sources */ = {isa = PBXBuildFile; fileRef = CE063C7424CFD24300C6C855 /* Grid+Inits.swift */; };
		CE063C8724CFD24300C6C855 /* StaggeredGridStyle.swift in Sources */ = {isa = PBXBuildFile; fileRef = CE063C7624CFD24300C6C855 /* StaggeredGridStyle.swift */; };
		CE063C8824CFD24300C6C855 /* Tracks.swift in Sources */ = {isa = PBXBuildFile; fileRef = CE063C7824CFD24300C6C855 /* Tracks.swift */; };
		CE063C8924CFD24300C6C855 /* LayoutMath.swift in Sources */ = {isa = PBXBuildFile; fileRef = CE063C7924CFD24300C6C855 /* LayoutMath.swift */; };
		CE063C8A24CFD24300C6C855 /* GridStyle.swift in Sources */ = {isa = PBXBuildFile; fileRef = CE063C7B24CFD24300C6C855 /* GridStyle.swift */; };
		CE063C8B24CFD24300C6C855 /* GridPreferencesKey.swift in Sources */ = {isa = PBXBuildFile; fileRef = CE063C7C24CFD24300C6C855 /* GridPreferencesKey.swift */; };
		CE063C8C24CFD24300C6C855 /* View+GridStyle.swift in Sources */ = {isa = PBXBuildFile; fileRef = CE063C7D24CFD24300C6C855 /* View+GridStyle.swift */; };
		CE063C8D24CFD24300C6C855 /* GridStyleKey.swift in Sources */ = {isa = PBXBuildFile; fileRef = CE063C7E24CFD24300C6C855 /* GridStyleKey.swift */; };
		CE063C8E24CFD24300C6C855 /* GridPreferences.swift in Sources */ = {isa = PBXBuildFile; fileRef = CE063C7F24CFD24300C6C855 /* GridPreferences.swift */; };
		CE063C8F24CFD24300C6C855 /* GridPreferencesModifier.swift in Sources */ = {isa = PBXBuildFile; fileRef = CE063C8024CFD24300C6C855 /* GridPreferencesModifier.swift */; };
		CE063C9024CFD24300C6C855 /* EnvironmentValues+GridStyle.swift in Sources */ = {isa = PBXBuildFile; fileRef = CE063C8124CFD24300C6C855 /* EnvironmentValues+GridStyle.swift */; };
		CE063C9124CFD24300C6C855 /* GridItemBoundsPreferencesKey.swift in Sources */ = {isa = PBXBuildFile; fileRef = CE063C8224CFD24300C6C855 /* GridItemBoundsPreferencesKey.swift */; };
		CE063C9224CFD24300C6C855 /* ModularGridStyle.swift in Sources */ = {isa = PBXBuildFile; fileRef = CE063C8324CFD24300C6C855 /* ModularGridStyle.swift */; };
		CE063C9324CFD24300C6C855 /* GridItem.swift in Sources */ = {isa = PBXBuildFile; fileRef = CE063C8424CFD24300C6C855 /* GridItem.swift */; };
		CE063C9424CFD24300C6C855 /* Grid.swift in Sources */ = {isa = PBXBuildFile; fileRef = CE063C8524CFD24300C6C855 /* Grid.swift */; };
		CE097A4024CE98FB0014A4DE /* AppDelegate.swift in Sources */ = {isa = PBXBuildFile; fileRef = CE097A3F24CE98FB0014A4DE /* AppDelegate.swift */; };
		CE097A4224CE98FB0014A4DE /* SceneDelegate.swift in Sources */ = {isa = PBXBuildFile; fileRef = CE097A4124CE98FB0014A4DE /* SceneDelegate.swift */; };
		CE097A4524CE98FB0014A4DE /* Lighter.xcdatamodeld in Sources */ = {isa = PBXBuildFile; fileRef = CE097A4324CE98FB0014A4DE /* Lighter.xcdatamodeld */; };
		CE097A4924CE98FB0014A4DE /* Assets.xcassets in Resources */ = {isa = PBXBuildFile; fileRef = CE097A4824CE98FB0014A4DE /* Assets.xcassets */; };
		CE097A4C24CE98FB0014A4DE /* Preview Assets.xcassets in Resources */ = {isa = PBXBuildFile; fileRef = CE097A4B24CE98FB0014A4DE /* Preview Assets.xcassets */; };
		CE097A4F24CE98FB0014A4DE /* LaunchScreen.storyboard in Resources */ = {isa = PBXBuildFile; fileRef = CE097A4D24CE98FB0014A4DE /* LaunchScreen.storyboard */; };
		CE097A5A24CE98FC0014A4DE /* LighterTests.swift in Sources */ = {isa = PBXBuildFile; fileRef = CE097A5924CE98FC0014A4DE /* LighterTests.swift */; };
		CE097A6524CE98FC0014A4DE /* LighterUITests.swift in Sources */ = {isa = PBXBuildFile; fileRef = CE097A6424CE98FC0014A4DE /* LighterUITests.swift */; };
		CE097A7924CE99280014A4DE /* LightGroup.swift in Sources */ = {isa = PBXBuildFile; fileRef = CE097A7524CE99280014A4DE /* LightGroup.swift */; };
		CE097A7B24CE99280014A4DE /* Bluetooth.swift in Sources */ = {isa = PBXBuildFile; fileRef = CE097A7724CE99280014A4DE /* Bluetooth.swift */; };
		CE097A7C24CE99280014A4DE /* Light.swift in Sources */ = {isa = PBXBuildFile; fileRef = CE097A7824CE99280014A4DE /* Light.swift */; };
		CE097A8724CE99330014A4DE /* LightItem.swift in Sources */ = {isa = PBXBuildFile; fileRef = CE097A7F24CE99330014A4DE /* LightItem.swift */; };
		CE097A8824CE99330014A4DE /* LightsRow.swift in Sources */ = {isa = PBXBuildFile; fileRef = CE097A8024CE99330014A4DE /* LightsRow.swift */; };
		CE097A8924CE99330014A4DE /* BackgroundView.swift in Sources */ = {isa = PBXBuildFile; fileRef = CE097A8124CE99330014A4DE /* BackgroundView.swift */; };
		CE097A8A24CE99330014A4DE /* EffectsRow.swift in Sources */ = {isa = PBXBuildFile; fileRef = CE097A8224CE99330014A4DE /* EffectsRow.swift */; };
		CE097A8B24CE99330014A4DE /* GroupsRow.swift in Sources */ = {isa = PBXBuildFile; fileRef = CE097A8424CE99330014A4DE /* GroupsRow.swift */; };
		CE097A8C24CE99330014A4DE /* ColorsView.swift in Sources */ = {isa = PBXBuildFile; fileRef = CE097A8624CE99330014A4DE /* ColorsView.swift */; };
		CE097A8F24CE99B40014A4DE /* MainHost.swift in Sources */ = {isa = PBXBuildFile; fileRef = CE097A8E24CE99B40014A4DE /* MainHost.swift */; };
		CE329DD324CFA52C00AC6806 /* LightManager.swift in Sources */ = {isa = PBXBuildFile; fileRef = CE329DD224CFA52C00AC6806 /* LightManager.swift */; };
		CE329DD524CFB29900AC6806 /* GroupItem.swift in Sources */ = {isa = PBXBuildFile; fileRef = CE329DD424CFB29900AC6806 /* GroupItem.swift */; };
		CE329DD824CFD0DC00AC6806 /* EffectsHost.swift in Sources */ = {isa = PBXBuildFile; fileRef = CE329DD724CFD0DC00AC6806 /* EffectsHost.swift */; };
		CE428F8524D8E09B00E10C9C /* CoreDataManager.swift in Sources */ = {isa = PBXBuildFile; fileRef = CE428F8424D8E09B00E10C9C /* CoreDataManager.swift */; };
		CE428F8724D8E0A800E10C9C /* CoreBluetoothManager.swift in Sources */ = {isa = PBXBuildFile; fileRef = CE428F8624D8E0A800E10C9C /* CoreBluetoothManager.swift */; };
		CEAE40E324D8F7F200709F7E /* SwiftUI+Color.swift in Sources */ = {isa = PBXBuildFile; fileRef = CEAE40E224D8F7F200709F7E /* SwiftUI+Color.swift */; };
		CEB3E55924D36F4500DDBDAD /* Byte.swift in Sources */ = {isa = PBXBuildFile; fileRef = CEB3E55824D36F4500DDBDAD /* Byte.swift */; };
		CEB3E55B24D3E8F700DDBDAD /* SwiftUIAlertController.swift in Sources */ = {isa = PBXBuildFile; fileRef = CEB3E55A24D3E8F700DDBDAD /* SwiftUIAlertController.swift */; };
/* End PBXBuildFile section */

/* Begin PBXContainerItemProxy section */
		CE097A5624CE98FC0014A4DE /* PBXContainerItemProxy */ = {
			isa = PBXContainerItemProxy;
			containerPortal = CE097A3424CE98FB0014A4DE /* Project object */;
			proxyType = 1;
			remoteGlobalIDString = CE097A3B24CE98FB0014A4DE;
			remoteInfo = Lighter;
		};
		CE097A6124CE98FC0014A4DE /* PBXContainerItemProxy */ = {
			isa = PBXContainerItemProxy;
			containerPortal = CE097A3424CE98FB0014A4DE /* Project object */;
			proxyType = 1;
			remoteGlobalIDString = CE097A3B24CE98FB0014A4DE;
			remoteInfo = Lighter;
		};
/* End PBXContainerItemProxy section */

/* Begin PBXFileReference section */
		CE063C7424CFD24300C6C855 /* Grid+Inits.swift */ = {isa = PBXFileReference; fileEncoding = 4; lastKnownFileType = sourcecode.swift; path = "Grid+Inits.swift"; sourceTree = "<group>"; };
		CE063C7624CFD24300C6C855 /* StaggeredGridStyle.swift */ = {isa = PBXFileReference; fileEncoding = 4; lastKnownFileType = sourcecode.swift; path = StaggeredGridStyle.swift; sourceTree = "<group>"; };
		CE063C7824CFD24300C6C855 /* Tracks.swift */ = {isa = PBXFileReference; fileEncoding = 4; lastKnownFileType = sourcecode.swift; path = Tracks.swift; sourceTree = "<group>"; };
		CE063C7924CFD24300C6C855 /* LayoutMath.swift */ = {isa = PBXFileReference; fileEncoding = 4; lastKnownFileType = sourcecode.swift; path = LayoutMath.swift; sourceTree = "<group>"; };
		CE063C7B24CFD24300C6C855 /* GridStyle.swift */ = {isa = PBXFileReference; fileEncoding = 4; lastKnownFileType = sourcecode.swift; path = GridStyle.swift; sourceTree = "<group>"; };
		CE063C7C24CFD24300C6C855 /* GridPreferencesKey.swift */ = {isa = PBXFileReference; fileEncoding = 4; lastKnownFileType = sourcecode.swift; path = GridPreferencesKey.swift; sourceTree = "<group>"; };
		CE063C7D24CFD24300C6C855 /* View+GridStyle.swift */ = {isa = PBXFileReference; fileEncoding = 4; lastKnownFileType = sourcecode.swift; path = "View+GridStyle.swift"; sourceTree = "<group>"; };
		CE063C7E24CFD24300C6C855 /* GridStyleKey.swift */ = {isa = PBXFileReference; fileEncoding = 4; lastKnownFileType = sourcecode.swift; path = GridStyleKey.swift; sourceTree = "<group>"; };
		CE063C7F24CFD24300C6C855 /* GridPreferences.swift */ = {isa = PBXFileReference; fileEncoding = 4; lastKnownFileType = sourcecode.swift; path = GridPreferences.swift; sourceTree = "<group>"; };
		CE063C8024CFD24300C6C855 /* GridPreferencesModifier.swift */ = {isa = PBXFileReference; fileEncoding = 4; lastKnownFileType = sourcecode.swift; path = GridPreferencesModifier.swift; sourceTree = "<group>"; };
		CE063C8124CFD24300C6C855 /* EnvironmentValues+GridStyle.swift */ = {isa = PBXFileReference; fileEncoding = 4; lastKnownFileType = sourcecode.swift; path = "EnvironmentValues+GridStyle.swift"; sourceTree = "<group>"; };
		CE063C8224CFD24300C6C855 /* GridItemBoundsPreferencesKey.swift */ = {isa = PBXFileReference; fileEncoding = 4; lastKnownFileType = sourcecode.swift; path = GridItemBoundsPreferencesKey.swift; sourceTree = "<group>"; };
		CE063C8324CFD24300C6C855 /* ModularGridStyle.swift */ = {isa = PBXFileReference; fileEncoding = 4; lastKnownFileType = sourcecode.swift; path = ModularGridStyle.swift; sourceTree = "<group>"; };
		CE063C8424CFD24300C6C855 /* GridItem.swift */ = {isa = PBXFileReference; fileEncoding = 4; lastKnownFileType = sourcecode.swift; path = GridItem.swift; sourceTree = "<group>"; };
		CE063C8524CFD24300C6C855 /* Grid.swift */ = {isa = PBXFileReference; fileEncoding = 4; lastKnownFileType = sourcecode.swift; path = Grid.swift; sourceTree = "<group>"; };
		CE097A3C24CE98FB0014A4DE /* Lighter.app */ = {isa = PBXFileReference; explicitFileType = wrapper.application; includeInIndex = 0; path = Lighter.app; sourceTree = BUILT_PRODUCTS_DIR; };
		CE097A3F24CE98FB0014A4DE /* AppDelegate.swift */ = {isa = PBXFileReference; lastKnownFileType = sourcecode.swift; path = AppDelegate.swift; sourceTree = "<group>"; };
		CE097A4124CE98FB0014A4DE /* SceneDelegate.swift */ = {isa = PBXFileReference; lastKnownFileType = sourcecode.swift; path = SceneDelegate.swift; sourceTree = "<group>"; };
		CE097A4424CE98FB0014A4DE /* Lighter.xcdatamodel */ = {isa = PBXFileReference; lastKnownFileType = wrapper.xcdatamodel; path = Lighter.xcdatamodel; sourceTree = "<group>"; };
		CE097A4824CE98FB0014A4DE /* Assets.xcassets */ = {isa = PBXFileReference; lastKnownFileType = folder.assetcatalog; path = Assets.xcassets; sourceTree = "<group>"; };
		CE097A4B24CE98FB0014A4DE /* Preview Assets.xcassets */ = {isa = PBXFileReference; lastKnownFileType = folder.assetcatalog; path = "Preview Assets.xcassets"; sourceTree = "<group>"; };
		CE097A4E24CE98FB0014A4DE /* Base */ = {isa = PBXFileReference; lastKnownFileType = file.storyboard; name = Base; path = Base.lproj/LaunchScreen.storyboard; sourceTree = "<group>"; };
		CE097A5024CE98FB0014A4DE /* Info.plist */ = {isa = PBXFileReference; lastKnownFileType = text.plist.xml; path = Info.plist; sourceTree = "<group>"; };
		CE097A5524CE98FC0014A4DE /* LighterTests.xctest */ = {isa = PBXFileReference; explicitFileType = wrapper.cfbundle; includeInIndex = 0; path = LighterTests.xctest; sourceTree = BUILT_PRODUCTS_DIR; };
		CE097A5924CE98FC0014A4DE /* LighterTests.swift */ = {isa = PBXFileReference; lastKnownFileType = sourcecode.swift; path = LighterTests.swift; sourceTree = "<group>"; };
		CE097A5B24CE98FC0014A4DE /* Info.plist */ = {isa = PBXFileReference; lastKnownFileType = text.plist.xml; path = Info.plist; sourceTree = "<group>"; };
		CE097A6024CE98FC0014A4DE /* LighterUITests.xctest */ = {isa = PBXFileReference; explicitFileType = wrapper.cfbundle; includeInIndex = 0; path = LighterUITests.xctest; sourceTree = BUILT_PRODUCTS_DIR; };
		CE097A6424CE98FC0014A4DE /* LighterUITests.swift */ = {isa = PBXFileReference; lastKnownFileType = sourcecode.swift; path = LighterUITests.swift; sourceTree = "<group>"; };
		CE097A6624CE98FC0014A4DE /* Info.plist */ = {isa = PBXFileReference; lastKnownFileType = text.plist.xml; path = Info.plist; sourceTree = "<group>"; };
		CE097A7524CE99280014A4DE /* LightGroup.swift */ = {isa = PBXFileReference; fileEncoding = 4; lastKnownFileType = sourcecode.swift; path = LightGroup.swift; sourceTree = "<group>"; };
		CE097A7724CE99280014A4DE /* Bluetooth.swift */ = {isa = PBXFileReference; fileEncoding = 4; lastKnownFileType = sourcecode.swift; path = Bluetooth.swift; sourceTree = "<group>"; };
		CE097A7824CE99280014A4DE /* Light.swift */ = {isa = PBXFileReference; fileEncoding = 4; lastKnownFileType = sourcecode.swift; path = Light.swift; sourceTree = "<group>"; };
		CE097A7F24CE99330014A4DE /* LightItem.swift */ = {isa = PBXFileReference; fileEncoding = 4; lastKnownFileType = sourcecode.swift; path = LightItem.swift; sourceTree = "<group>"; };
		CE097A8024CE99330014A4DE /* LightsRow.swift */ = {isa = PBXFileReference; fileEncoding = 4; lastKnownFileType = sourcecode.swift; path = LightsRow.swift; sourceTree = "<group>"; };
		CE097A8124CE99330014A4DE /* BackgroundView.swift */ = {isa = PBXFileReference; fileEncoding = 4; lastKnownFileType = sourcecode.swift; path = BackgroundView.swift; sourceTree = "<group>"; };
		CE097A8224CE99330014A4DE /* EffectsRow.swift */ = {isa = PBXFileReference; fileEncoding = 4; lastKnownFileType = sourcecode.swift; path = EffectsRow.swift; sourceTree = "<group>"; };
		CE097A8424CE99330014A4DE /* GroupsRow.swift */ = {isa = PBXFileReference; fileEncoding = 4; lastKnownFileType = sourcecode.swift; path = GroupsRow.swift; sourceTree = "<group>"; };
		CE097A8624CE99330014A4DE /* ColorsView.swift */ = {isa = PBXFileReference; fileEncoding = 4; lastKnownFileType = sourcecode.swift; path = ColorsView.swift; sourceTree = "<group>"; };
		CE097A8E24CE99B40014A4DE /* MainHost.swift */ = {isa = PBXFileReference; fileEncoding = 4; lastKnownFileType = sourcecode.swift; path = MainHost.swift; sourceTree = "<group>"; };
		CE329DD224CFA52C00AC6806 /* LightManager.swift */ = {isa = PBXFileReference; lastKnownFileType = sourcecode.swift; path = LightManager.swift; sourceTree = "<group>"; };
		CE329DD424CFB29900AC6806 /* GroupItem.swift */ = {isa = PBXFileReference; lastKnownFileType = sourcecode.swift; path = GroupItem.swift; sourceTree = "<group>"; };
		CE329DD724CFD0DC00AC6806 /* EffectsHost.swift */ = {isa = PBXFileReference; lastKnownFileType = sourcecode.swift; path = EffectsHost.swift; sourceTree = "<group>"; };
		CE428F8424D8E09B00E10C9C /* CoreDataManager.swift */ = {isa = PBXFileReference; lastKnownFileType = sourcecode.swift; path = CoreDataManager.swift; sourceTree = "<group>"; };
		CE428F8624D8E0A800E10C9C /* CoreBluetoothManager.swift */ = {isa = PBXFileReference; lastKnownFileType = sourcecode.swift; path = CoreBluetoothManager.swift; sourceTree = "<group>"; };
		CEAE40E224D8F7F200709F7E /* SwiftUI+Color.swift */ = {isa = PBXFileReference; lastKnownFileType = sourcecode.swift; path = "SwiftUI+Color.swift"; sourceTree = "<group>"; };
		CEB3E55824D36F4500DDBDAD /* Byte.swift */ = {isa = PBXFileReference; lastKnownFileType = sourcecode.swift; path = Byte.swift; sourceTree = "<group>"; };
		CEB3E55A24D3E8F700DDBDAD /* SwiftUIAlertController.swift */ = {isa = PBXFileReference; lastKnownFileType = sourcecode.swift; path = SwiftUIAlertController.swift; sourceTree = "<group>"; };
/* End PBXFileReference section */

/* Begin PBXFrameworksBuildPhase section */
		CE097A3924CE98FB0014A4DE /* Frameworks */ = {
			isa = PBXFrameworksBuildPhase;
			buildActionMask = 2147483647;
			files = (
			);
			runOnlyForDeploymentPostprocessing = 0;
		};
		CE097A5224CE98FC0014A4DE /* Frameworks */ = {
			isa = PBXFrameworksBuildPhase;
			buildActionMask = 2147483647;
			files = (
			);
			runOnlyForDeploymentPostprocessing = 0;
		};
		CE097A5D24CE98FC0014A4DE /* Frameworks */ = {
			isa = PBXFrameworksBuildPhase;
			buildActionMask = 2147483647;
			files = (
			);
			runOnlyForDeploymentPostprocessing = 0;
		};
/* End PBXFrameworksBuildPhase section */

/* Begin PBXGroup section */
		CE063C7324CFD24300C6C855 /* Grid */ = {
			isa = PBXGroup;
			children = (
				CE063C7424CFD24300C6C855 /* Grid+Inits.swift */,
				CE063C7524CFD24300C6C855 /* Styles */,
				CE063C8424CFD24300C6C855 /* GridItem.swift */,
				CE063C8524CFD24300C6C855 /* Grid.swift */,
			);
			path = Grid;
			sourceTree = "<group>";
		};
		CE063C7524CFD24300C6C855 /* Styles */ = {
			isa = PBXGroup;
			children = (
				CE063C7624CFD24300C6C855 /* StaggeredGridStyle.swift */,
				CE063C7724CFD24300C6C855 /* Layout */,
				CE063C7A24CFD24300C6C855 /* Style */,
				CE063C8324CFD24300C6C855 /* ModularGridStyle.swift */,
			);
			path = Styles;
			sourceTree = "<group>";
		};
		CE063C7724CFD24300C6C855 /* Layout */ = {
			isa = PBXGroup;
			children = (
				CE063C7824CFD24300C6C855 /* Tracks.swift */,
				CE063C7924CFD24300C6C855 /* LayoutMath.swift */,
			);
			path = Layout;
			sourceTree = "<group>";
		};
		CE063C7A24CFD24300C6C855 /* Style */ = {
			isa = PBXGroup;
			children = (
				CE063C7B24CFD24300C6C855 /* GridStyle.swift */,
				CE063C7C24CFD24300C6C855 /* GridPreferencesKey.swift */,
				CE063C7D24CFD24300C6C855 /* View+GridStyle.swift */,
				CE063C7E24CFD24300C6C855 /* GridStyleKey.swift */,
				CE063C7F24CFD24300C6C855 /* GridPreferences.swift */,
				CE063C8024CFD24300C6C855 /* GridPreferencesModifier.swift */,
				CE063C8124CFD24300C6C855 /* EnvironmentValues+GridStyle.swift */,
				CE063C8224CFD24300C6C855 /* GridItemBoundsPreferencesKey.swift */,
			);
			path = Style;
			sourceTree = "<group>";
		};
		CE097A3324CE98FB0014A4DE = {
			isa = PBXGroup;
			children = (
				CE097A3E24CE98FB0014A4DE /* Lighter */,
				CE097A5824CE98FC0014A4DE /* LighterTests */,
				CE097A6324CE98FC0014A4DE /* LighterUITests */,
				CE097A3D24CE98FB0014A4DE /* Products */,
			);
			sourceTree = "<group>";
		};
		CE097A3D24CE98FB0014A4DE /* Products */ = {
			isa = PBXGroup;
			children = (
				CE097A3C24CE98FB0014A4DE /* Lighter.app */,
				CE097A5524CE98FC0014A4DE /* LighterTests.xctest */,
				CE097A6024CE98FC0014A4DE /* LighterUITests.xctest */,
			);
			name = Products;
			sourceTree = "<group>";
		};
		CE097A3E24CE98FB0014A4DE /* Lighter */ = {
			isa = PBXGroup;
			children = (
				CE097A7424CE99280014A4DE /* Model */,
				CE097A7D24CE99330014A4DE /* View */,
				CE097A8D24CE993E0014A4DE /* Other */,
				CE097A4824CE98FB0014A4DE /* Assets.xcassets */,
				CE097A4D24CE98FB0014A4DE /* LaunchScreen.storyboard */,
				CE097A5024CE98FB0014A4DE /* Info.plist */,
				CE097A4324CE98FB0014A4DE /* Lighter.xcdatamodeld */,
				CE097A4A24CE98FB0014A4DE /* Preview Content */,
			);
			path = Lighter;
			sourceTree = "<group>";
		};
		CE097A4A24CE98FB0014A4DE /* Preview Content */ = {
			isa = PBXGroup;
			children = (
				CE097A4B24CE98FB0014A4DE /* Preview Assets.xcassets */,
			);
			path = "Preview Content";
			sourceTree = "<group>";
		};
		CE097A5824CE98FC0014A4DE /* LighterTests */ = {
			isa = PBXGroup;
			children = (
				CE097A5924CE98FC0014A4DE /* LighterTests.swift */,
				CE097A5B24CE98FC0014A4DE /* Info.plist */,
			);
			path = LighterTests;
			sourceTree = "<group>";
		};
		CE097A6324CE98FC0014A4DE /* LighterUITests */ = {
			isa = PBXGroup;
			children = (
				CE097A6424CE98FC0014A4DE /* LighterUITests.swift */,
				CE097A6624CE98FC0014A4DE /* Info.plist */,
			);
			path = LighterUITests;
			sourceTree = "<group>";
		};
		CE097A7424CE99280014A4DE /* Model */ = {
			isa = PBXGroup;
			children = (
				CE097A7724CE99280014A4DE /* Bluetooth.swift */,
				CEB3E55824D36F4500DDBDAD /* Byte.swift */,
				CE428F8824D8E0C700E10C9C /* Managers */,
				CE428F8924D8E0D500E10C9C /* Light */,
			);
			path = Model;
			sourceTree = "<group>";
		};
		CE097A7D24CE99330014A4DE /* View */ = {
			isa = PBXGroup;
			children = (
				CE097A8E24CE99B40014A4DE /* MainHost.swift */,
				CE097A7E24CE99330014A4DE /* Lights Row */,
				CE097A8324CE99330014A4DE /* GroupsRow */,
				CE329DD624CFD0D000AC6806 /* Effects */,
				CE097A8524CE99330014A4DE /* ColorsView */,
				CE097A8124CE99330014A4DE /* BackgroundView.swift */,
				CEB3E55A24D3E8F700DDBDAD /* SwiftUIAlertController.swift */,
				CEAE40E224D8F7F200709F7E /* SwiftUI+Color.swift */,
			);
			path = View;
			sourceTree = "<group>";
		};
		CE097A7E24CE99330014A4DE /* Lights Row */ = {
			isa = PBXGroup;
			children = (
				CE097A8024CE99330014A4DE /* LightsRow.swift */,
				CE097A7F24CE99330014A4DE /* LightItem.swift */,
			);
			path = "Lights Row";
			sourceTree = "<group>";
		};
		CE097A8324CE99330014A4DE /* GroupsRow */ = {
			isa = PBXGroup;
			children = (
				CE097A8424CE99330014A4DE /* GroupsRow.swift */,
				CE329DD424CFB29900AC6806 /* GroupItem.swift */,
			);
			path = GroupsRow;
			sourceTree = "<group>";
		};
		CE097A8524CE99330014A4DE /* ColorsView */ = {
			isa = PBXGroup;
			children = (
				CE097A8624CE99330014A4DE /* ColorsView.swift */,
			);
			path = ColorsView;
			sourceTree = "<group>";
		};
		CE097A8D24CE993E0014A4DE /* Other */ = {
			isa = PBXGroup;
			children = (
				CE097A3F24CE98FB0014A4DE /* AppDelegate.swift */,
				CE097A4124CE98FB0014A4DE /* SceneDelegate.swift */,
				CE063C7324CFD24300C6C855 /* Grid */,
			);
			path = Other;
			sourceTree = "<group>";
		};
		CE329DD624CFD0D000AC6806 /* Effects */ = {
			isa = PBXGroup;
			children = (
				CE097A8224CE99330014A4DE /* EffectsRow.swift */,
				CE329DD724CFD0DC00AC6806 /* EffectsHost.swift */,
			);
			path = Effects;
			sourceTree = "<group>";
		};
		CE428F8824D8E0C700E10C9C /* Managers */ = {
			isa = PBXGroup;
			children = (
				CE329DD224CFA52C00AC6806 /* LightManager.swift */,
				CE428F8424D8E09B00E10C9C /* CoreDataManager.swift */,
				CE428F8624D8E0A800E10C9C /* CoreBluetoothManager.swift */,
			);
			path = Managers;
			sourceTree = "<group>";
		};
		CE428F8924D8E0D500E10C9C /* Light */ = {
			isa = PBXGroup;
			children = (
				CE097A7824CE99280014A4DE /* Light.swift */,
				CE097A7524CE99280014A4DE /* LightGroup.swift */,
			);
			path = Light;
			sourceTree = "<group>";
		};
/* End PBXGroup section */

/* Begin PBXNativeTarget section */
		CE097A3B24CE98FB0014A4DE /* Lighter */ = {
			isa = PBXNativeTarget;
			buildConfigurationList = CE097A6924CE98FC0014A4DE /* Build configuration list for PBXNativeTarget "Lighter" */;
			buildPhases = (
				CE097A3824CE98FB0014A4DE /* Sources */,
				CE097A3924CE98FB0014A4DE /* Frameworks */,
				CE097A3A24CE98FB0014A4DE /* Resources */,
			);
			buildRules = (
			);
			dependencies = (
			);
			name = Lighter;
			productName = Lighter;
			productReference = CE097A3C24CE98FB0014A4DE /* Lighter.app */;
			productType = "com.apple.product-type.application";
		};
		CE097A5424CE98FC0014A4DE /* LighterTests */ = {
			isa = PBXNativeTarget;
			buildConfigurationList = CE097A6C24CE98FC0014A4DE /* Build configuration list for PBXNativeTarget "LighterTests" */;
			buildPhases = (
				CE097A5124CE98FC0014A4DE /* Sources */,
				CE097A5224CE98FC0014A4DE /* Frameworks */,
				CE097A5324CE98FC0014A4DE /* Resources */,
			);
			buildRules = (
			);
			dependencies = (
				CE097A5724CE98FC0014A4DE /* PBXTargetDependency */,
			);
			name = LighterTests;
			productName = LighterTests;
			productReference = CE097A5524CE98FC0014A4DE /* LighterTests.xctest */;
			productType = "com.apple.product-type.bundle.unit-test";
		};
		CE097A5F24CE98FC0014A4DE /* LighterUITests */ = {
			isa = PBXNativeTarget;
			buildConfigurationList = CE097A6F24CE98FC0014A4DE /* Build configuration list for PBXNativeTarget "LighterUITests" */;
			buildPhases = (
				CE097A5C24CE98FC0014A4DE /* Sources */,
				CE097A5D24CE98FC0014A4DE /* Frameworks */,
				CE097A5E24CE98FC0014A4DE /* Resources */,
			);
			buildRules = (
			);
			dependencies = (
				CE097A6224CE98FC0014A4DE /* PBXTargetDependency */,
			);
			name = LighterUITests;
			productName = LighterUITests;
			productReference = CE097A6024CE98FC0014A4DE /* LighterUITests.xctest */;
			productType = "com.apple.product-type.bundle.ui-testing";
		};
/* End PBXNativeTarget section */

/* Begin PBXProject section */
		CE097A3424CE98FB0014A4DE /* Project object */ = {
			isa = PBXProject;
			attributes = {
				LastSwiftUpdateCheck = 1160;
				LastUpgradeCheck = 1160;
				ORGANIZATIONNAME = "Devin Green";
				TargetAttributes = {
					CE097A3B24CE98FB0014A4DE = {
						CreatedOnToolsVersion = 11.6;
					};
					CE097A5424CE98FC0014A4DE = {
						CreatedOnToolsVersion = 11.6;
						TestTargetID = CE097A3B24CE98FB0014A4DE;
					};
					CE097A5F24CE98FC0014A4DE = {
						CreatedOnToolsVersion = 11.6;
						TestTargetID = CE097A3B24CE98FB0014A4DE;
					};
				};
			};
			buildConfigurationList = CE097A3724CE98FB0014A4DE /* Build configuration list for PBXProject "Lighter" */;
			compatibilityVersion = "Xcode 9.3";
			developmentRegion = en;
			hasScannedForEncodings = 0;
			knownRegions = (
				en,
				Base,
			);
			mainGroup = CE097A3324CE98FB0014A4DE;
			productRefGroup = CE097A3D24CE98FB0014A4DE /* Products */;
			projectDirPath = "";
			projectRoot = "";
			targets = (
				CE097A3B24CE98FB0014A4DE /* Lighter */,
				CE097A5424CE98FC0014A4DE /* LighterTests */,
				CE097A5F24CE98FC0014A4DE /* LighterUITests */,
			);
		};
/* End PBXProject section */

/* Begin PBXResourcesBuildPhase section */
		CE097A3A24CE98FB0014A4DE /* Resources */ = {
			isa = PBXResourcesBuildPhase;
			buildActionMask = 2147483647;
			files = (
				CE097A4F24CE98FB0014A4DE /* LaunchScreen.storyboard in Resources */,
				CE097A4C24CE98FB0014A4DE /* Preview Assets.xcassets in Resources */,
				CE097A4924CE98FB0014A4DE /* Assets.xcassets in Resources */,
			);
			runOnlyForDeploymentPostprocessing = 0;
		};
		CE097A5324CE98FC0014A4DE /* Resources */ = {
			isa = PBXResourcesBuildPhase;
			buildActionMask = 2147483647;
			files = (
			);
			runOnlyForDeploymentPostprocessing = 0;
		};
		CE097A5E24CE98FC0014A4DE /* Resources */ = {
			isa = PBXResourcesBuildPhase;
			buildActionMask = 2147483647;
			files = (
			);
			runOnlyForDeploymentPostprocessing = 0;
		};
/* End PBXResourcesBuildPhase section */

/* Begin PBXSourcesBuildPhase section */
		CE097A3824CE98FB0014A4DE /* Sources */ = {
			isa = PBXSourcesBuildPhase;
			buildActionMask = 2147483647;
			files = (
				CE063C8E24CFD24300C6C855 /* GridPreferences.swift in Sources */,
				CE329DD324CFA52C00AC6806 /* LightManager.swift in Sources */,
				CE097A4024CE98FB0014A4DE /* AppDelegate.swift in Sources */,
				CE097A8924CE99330014A4DE /* BackgroundView.swift in Sources */,
				CE063C8C24CFD24300C6C855 /* View+GridStyle.swift in Sources */,
				CE097A7924CE99280014A4DE /* LightGroup.swift in Sources */,
				CE097A4224CE98FB0014A4DE /* SceneDelegate.swift in Sources */,
				CE329DD824CFD0DC00AC6806 /* EffectsHost.swift in Sources */,
				CE063C8D24CFD24300C6C855 /* GridStyleKey.swift in Sources */,
				CE329DD524CFB29900AC6806 /* GroupItem.swift in Sources */,
				CE063C9424CFD24300C6C855 /* Grid.swift in Sources */,
				CE063C8724CFD24300C6C855 /* StaggeredGridStyle.swift in Sources */,
				CEB3E55924D36F4500DDBDAD /* Byte.swift in Sources */,
				CE063C9224CFD24300C6C855 /* ModularGridStyle.swift in Sources */,
				CE097A8B24CE99330014A4DE /* GroupsRow.swift in Sources */,
				CE063C9024CFD24300C6C855 /* EnvironmentValues+GridStyle.swift in Sources */,
				CE063C8924CFD24300C6C855 /* LayoutMath.swift in Sources */,
				CE097A4524CE98FB0014A4DE /* Lighter.xcdatamodeld in Sources */,
				CE063C8824CFD24300C6C855 /* Tracks.swift in Sources */,
				CEB3E55B24D3E8F700DDBDAD /* SwiftUIAlertController.swift in Sources */,
				CE063C9324CFD24300C6C855 /* GridItem.swift in Sources */,
				CE063C8F24CFD24300C6C855 /* GridPreferencesModifier.swift in Sources */,
				CE097A8A24CE99330014A4DE /* EffectsRow.swift in Sources */,
				CE063C8624CFD24300C6C855 /* Grid+Inits.swift in Sources */,
				CE097A8724CE99330014A4DE /* LightItem.swift in Sources */,
				CE097A7C24CE99280014A4DE /* Light.swift in Sources */,
				CE063C8B24CFD24300C6C855 /* GridPreferencesKey.swift in Sources */,
				CE097A7B24CE99280014A4DE /* Bluetooth.swift in Sources */,
				CE097A8C24CE99330014A4DE /* ColorsView.swift in Sources */,
				CE063C9124CFD24300C6C855 /* GridItemBoundsPreferencesKey.swift in Sources */,
				CE097A8F24CE99B40014A4DE /* MainHost.swift in Sources */,
				CE097A8824CE99330014A4DE /* LightsRow.swift in Sources */,
				CE428F8524D8E09B00E10C9C /* CoreDataManager.swift in Sources */,
				CE063C8A24CFD24300C6C855 /* GridStyle.swift in Sources */,
				CE428F8724D8E0A800E10C9C /* CoreBluetoothManager.swift in Sources */,
				CEAE40E324D8F7F200709F7E /* SwiftUI+Color.swift in Sources */,
			);
			runOnlyForDeploymentPostprocessing = 0;
		};
		CE097A5124CE98FC0014A4DE /* Sources */ = {
			isa = PBXSourcesBuildPhase;
			buildActionMask = 2147483647;
			files = (
				CE097A5A24CE98FC0014A4DE /* LighterTests.swift in Sources */,
			);
			runOnlyForDeploymentPostprocessing = 0;
		};
		CE097A5C24CE98FC0014A4DE /* Sources */ = {
			isa = PBXSourcesBuildPhase;
			buildActionMask = 2147483647;
			files = (
				CE097A6524CE98FC0014A4DE /* LighterUITests.swift in Sources */,
			);
			runOnlyForDeploymentPostprocessing = 0;
		};
/* End PBXSourcesBuildPhase section */

/* Begin PBXTargetDependency section */
		CE097A5724CE98FC0014A4DE /* PBXTargetDependency */ = {
			isa = PBXTargetDependency;
			target = CE097A3B24CE98FB0014A4DE /* Lighter */;
			targetProxy = CE097A5624CE98FC0014A4DE /* PBXContainerItemProxy */;
		};
		CE097A6224CE98FC0014A4DE /* PBXTargetDependency */ = {
			isa = PBXTargetDependency;
			target = CE097A3B24CE98FB0014A4DE /* Lighter */;
			targetProxy = CE097A6124CE98FC0014A4DE /* PBXContainerItemProxy */;
		};
/* End PBXTargetDependency section */

/* Begin PBXVariantGroup section */
		CE097A4D24CE98FB0014A4DE /* LaunchScreen.storyboard */ = {
			isa = PBXVariantGroup;
			children = (
				CE097A4E24CE98FB0014A4DE /* Base */,
			);
			name = LaunchScreen.storyboard;
			sourceTree = "<group>";
		};
/* End PBXVariantGroup section */

/* Begin XCBuildConfiguration section */
		CE097A6724CE98FC0014A4DE /* Debug */ = {
			isa = XCBuildConfiguration;
			buildSettings = {
				ALWAYS_SEARCH_USER_PATHS = NO;
				CLANG_ANALYZER_NONNULL = YES;
				CLANG_ANALYZER_NUMBER_OBJECT_CONVERSION = YES_AGGRESSIVE;
				CLANG_CXX_LANGUAGE_STANDARD = "gnu++14";
				CLANG_CXX_LIBRARY = "libc++";
				CLANG_ENABLE_MODULES = YES;
				CLANG_ENABLE_OBJC_ARC = YES;
				CLANG_ENABLE_OBJC_WEAK = YES;
				CLANG_WARN_BLOCK_CAPTURE_AUTORELEASING = YES;
				CLANG_WARN_BOOL_CONVERSION = YES;
				CLANG_WARN_COMMA = YES;
				CLANG_WARN_CONSTANT_CONVERSION = YES;
				CLANG_WARN_DEPRECATED_OBJC_IMPLEMENTATIONS = YES;
				CLANG_WARN_DIRECT_OBJC_ISA_USAGE = YES_ERROR;
				CLANG_WARN_DOCUMENTATION_COMMENTS = YES;
				CLANG_WARN_EMPTY_BODY = YES;
				CLANG_WARN_ENUM_CONVERSION = YES;
				CLANG_WARN_INFINITE_RECURSION = YES;
				CLANG_WARN_INT_CONVERSION = YES;
				CLANG_WARN_NON_LITERAL_NULL_CONVERSION = YES;
				CLANG_WARN_OBJC_IMPLICIT_RETAIN_SELF = YES;
				CLANG_WARN_OBJC_LITERAL_CONVERSION = YES;
				CLANG_WARN_OBJC_ROOT_CLASS = YES_ERROR;
				CLANG_WARN_RANGE_LOOP_ANALYSIS = YES;
				CLANG_WARN_STRICT_PROTOTYPES = YES;
				CLANG_WARN_SUSPICIOUS_MOVE = YES;
				CLANG_WARN_UNGUARDED_AVAILABILITY = YES_AGGRESSIVE;
				CLANG_WARN_UNREACHABLE_CODE = YES;
				CLANG_WARN__DUPLICATE_METHOD_MATCH = YES;
				COPY_PHASE_STRIP = NO;
				DEBUG_INFORMATION_FORMAT = dwarf;
				ENABLE_STRICT_OBJC_MSGSEND = YES;
				ENABLE_TESTABILITY = YES;
				GCC_C_LANGUAGE_STANDARD = gnu11;
				GCC_DYNAMIC_NO_PIC = NO;
				GCC_NO_COMMON_BLOCKS = YES;
				GCC_OPTIMIZATION_LEVEL = 0;
				GCC_PREPROCESSOR_DEFINITIONS = (
					"DEBUG=1",
					"$(inherited)",
				);
				GCC_WARN_64_TO_32_BIT_CONVERSION = YES;
				GCC_WARN_ABOUT_RETURN_TYPE = YES_ERROR;
				GCC_WARN_UNDECLARED_SELECTOR = YES;
				GCC_WARN_UNINITIALIZED_AUTOS = YES_AGGRESSIVE;
				GCC_WARN_UNUSED_FUNCTION = YES;
				GCC_WARN_UNUSED_VARIABLE = YES;
				IPHONEOS_DEPLOYMENT_TARGET = 13.6;
				MTL_ENABLE_DEBUG_INFO = INCLUDE_SOURCE;
				MTL_FAST_MATH = YES;
				ONLY_ACTIVE_ARCH = YES;
				SDKROOT = iphoneos;
				SWIFT_ACTIVE_COMPILATION_CONDITIONS = DEBUG;
				SWIFT_OPTIMIZATION_LEVEL = "-Onone";
			};
			name = Debug;
		};
		CE097A6824CE98FC0014A4DE /* Release */ = {
			isa = XCBuildConfiguration;
			buildSettings = {
				ALWAYS_SEARCH_USER_PATHS = NO;
				CLANG_ANALYZER_NONNULL = YES;
				CLANG_ANALYZER_NUMBER_OBJECT_CONVERSION = YES_AGGRESSIVE;
				CLANG_CXX_LANGUAGE_STANDARD = "gnu++14";
				CLANG_CXX_LIBRARY = "libc++";
				CLANG_ENABLE_MODULES = YES;
				CLANG_ENABLE_OBJC_ARC = YES;
				CLANG_ENABLE_OBJC_WEAK = YES;
				CLANG_WARN_BLOCK_CAPTURE_AUTORELEASING = YES;
				CLANG_WARN_BOOL_CONVERSION = YES;
				CLANG_WARN_COMMA = YES;
				CLANG_WARN_CONSTANT_CONVERSION = YES;
				CLANG_WARN_DEPRECATED_OBJC_IMPLEMENTATIONS = YES;
				CLANG_WARN_DIRECT_OBJC_ISA_USAGE = YES_ERROR;
				CLANG_WARN_DOCUMENTATION_COMMENTS = YES;
				CLANG_WARN_EMPTY_BODY = YES;
				CLANG_WARN_ENUM_CONVERSION = YES;
				CLANG_WARN_INFINITE_RECURSION = YES;
				CLANG_WARN_INT_CONVERSION = YES;
				CLANG_WARN_NON_LITERAL_NULL_CONVERSION = YES;
				CLANG_WARN_OBJC_IMPLICIT_RETAIN_SELF = YES;
				CLANG_WARN_OBJC_LITERAL_CONVERSION = YES;
				CLANG_WARN_OBJC_ROOT_CLASS = YES_ERROR;
				CLANG_WARN_RANGE_LOOP_ANALYSIS = YES;
				CLANG_WARN_STRICT_PROTOTYPES = YES;
				CLANG_WARN_SUSPICIOUS_MOVE = YES;
				CLANG_WARN_UNGUARDED_AVAILABILITY = YES_AGGRESSIVE;
				CLANG_WARN_UNREACHABLE_CODE = YES;
				CLANG_WARN__DUPLICATE_METHOD_MATCH = YES;
				COPY_PHASE_STRIP = NO;
				DEBUG_INFORMATION_FORMAT = "dwarf-with-dsym";
				ENABLE_NS_ASSERTIONS = NO;
				ENABLE_STRICT_OBJC_MSGSEND = YES;
				GCC_C_LANGUAGE_STANDARD = gnu11;
				GCC_NO_COMMON_BLOCKS = YES;
				GCC_WARN_64_TO_32_BIT_CONVERSION = YES;
				GCC_WARN_ABOUT_RETURN_TYPE = YES_ERROR;
				GCC_WARN_UNDECLARED_SELECTOR = YES;
				GCC_WARN_UNINITIALIZED_AUTOS = YES_AGGRESSIVE;
				GCC_WARN_UNUSED_FUNCTION = YES;
				GCC_WARN_UNUSED_VARIABLE = YES;
				IPHONEOS_DEPLOYMENT_TARGET = 13.6;
				MTL_ENABLE_DEBUG_INFO = NO;
				MTL_FAST_MATH = YES;
				SDKROOT = iphoneos;
				SWIFT_COMPILATION_MODE = wholemodule;
				SWIFT_OPTIMIZATION_LEVEL = "-O";
				VALIDATE_PRODUCT = YES;
			};
			name = Release;
		};
		CE097A6A24CE98FC0014A4DE /* Debug */ = {
			isa = XCBuildConfiguration;
			buildSettings = {
				ASSETCATALOG_COMPILER_APPICON_NAME = AppIcon;
				CODE_SIGN_IDENTITY = "Apple Development";
				CODE_SIGN_STYLE = Automatic;
				DEVELOPMENT_ASSET_PATHS = "\"Lighter/Preview Content\"";
				DEVELOPMENT_TEAM = UP2W95UKJ7;
				ENABLE_PREVIEWS = YES;
				INFOPLIST_FILE = Lighter/Info.plist;
				IPHONEOS_DEPLOYMENT_TARGET = 13.6;
				LD_RUNPATH_SEARCH_PATHS = (
					"$(inherited)",
					"@executable_path/Frameworks",
				);
				PRODUCT_BUNDLE_IDENTIFIER = com.devingreen.Lighter;
				PRODUCT_NAME = "$(TARGET_NAME)";
				PROVISIONING_PROFILE_SPECIFIER = "";
				SWIFT_VERSION = 5.0;
				TARGETED_DEVICE_FAMILY = "1,2";
			};
			name = Debug;
		};
		CE097A6B24CE98FC0014A4DE /* Release */ = {
			isa = XCBuildConfiguration;
			buildSettings = {
				ASSETCATALOG_COMPILER_APPICON_NAME = AppIcon;
				CODE_SIGN_IDENTITY = "Apple Development";
				CODE_SIGN_STYLE = Automatic;
				DEVELOPMENT_ASSET_PATHS = "\"Lighter/Preview Content\"";
				DEVELOPMENT_TEAM = UP2W95UKJ7;
				ENABLE_PREVIEWS = YES;
				INFOPLIST_FILE = Lighter/Info.plist;
				IPHONEOS_DEPLOYMENT_TARGET = 13.6;
				LD_RUNPATH_SEARCH_PATHS = (
					"$(inherited)",
					"@executable_path/Frameworks",
				);
				PRODUCT_BUNDLE_IDENTIFIER = com.devingreen.Lighter;
				PRODUCT_NAME = "$(TARGET_NAME)";
				PROVISIONING_PROFILE_SPECIFIER = "";
				SWIFT_VERSION = 5.0;
				TARGETED_DEVICE_FAMILY = "1,2";
			};
			name = Release;
		};
		CE097A6D24CE98FC0014A4DE /* Debug */ = {
			isa = XCBuildConfiguration;
			buildSettings = {
				ALWAYS_EMBED_SWIFT_STANDARD_LIBRARIES = YES;
				BUNDLE_LOADER = "$(TEST_HOST)";
				CODE_SIGN_STYLE = Automatic;
				INFOPLIST_FILE = LighterTests/Info.plist;
				IPHONEOS_DEPLOYMENT_TARGET = 13.6;
				LD_RUNPATH_SEARCH_PATHS = (
					"$(inherited)",
					"@executable_path/Frameworks",
					"@loader_path/Frameworks",
				);
				PRODUCT_BUNDLE_IDENTIFIER = com.devingreen.LighterTests;
				PRODUCT_NAME = "$(TARGET_NAME)";
				SWIFT_VERSION = 5.0;
				TARGETED_DEVICE_FAMILY = "1,2";
				TEST_HOST = "$(BUILT_PRODUCTS_DIR)/Lighter.app/Lighter";
			};
			name = Debug;
		};
		CE097A6E24CE98FC0014A4DE /* Release */ = {
			isa = XCBuildConfiguration;
			buildSettings = {
				ALWAYS_EMBED_SWIFT_STANDARD_LIBRARIES = YES;
				BUNDLE_LOADER = "$(TEST_HOST)";
				CODE_SIGN_STYLE = Automatic;
				INFOPLIST_FILE = LighterTests/Info.plist;
				IPHONEOS_DEPLOYMENT_TARGET = 13.6;
				LD_RUNPATH_SEARCH_PATHS = (
					"$(inherited)",
					"@executable_path/Frameworks",
					"@loader_path/Frameworks",
				);
				PRODUCT_BUNDLE_IDENTIFIER = com.devingreen.LighterTests;
				PRODUCT_NAME = "$(TARGET_NAME)";
				SWIFT_VERSION = 5.0;
				TARGETED_DEVICE_FAMILY = "1,2";
				TEST_HOST = "$(BUILT_PRODUCTS_DIR)/Lighter.app/Lighter";
			};
			name = Release;
		};
		CE097A7024CE98FC0014A4DE /* Debug */ = {
			isa = XCBuildConfiguration;
			buildSettings = {
				ALWAYS_EMBED_SWIFT_STANDARD_LIBRARIES = YES;
				CODE_SIGN_STYLE = Automatic;
				INFOPLIST_FILE = LighterUITests/Info.plist;
				LD_RUNPATH_SEARCH_PATHS = (
					"$(inherited)",
					"@executable_path/Frameworks",
					"@loader_path/Frameworks",
				);
				PRODUCT_BUNDLE_IDENTIFIER = com.devingreen.LighterUITests;
				PRODUCT_NAME = "$(TARGET_NAME)";
				SWIFT_VERSION = 5.0;
				TARGETED_DEVICE_FAMILY = "1,2";
				TEST_TARGET_NAME = Lighter;
			};
			name = Debug;
		};
		CE097A7124CE98FC0014A4DE /* Release */ = {
			isa = XCBuildConfiguration;
			buildSettings = {
				ALWAYS_EMBED_SWIFT_STANDARD_LIBRARIES = YES;
				CODE_SIGN_STYLE = Automatic;
				INFOPLIST_FILE = LighterUITests/Info.plist;
				LD_RUNPATH_SEARCH_PATHS = (
					"$(inherited)",
					"@executable_path/Frameworks",
					"@loader_path/Frameworks",
				);
				PRODUCT_BUNDLE_IDENTIFIER = com.devingreen.LighterUITests;
				PRODUCT_NAME = "$(TARGET_NAME)";
				SWIFT_VERSION = 5.0;
				TARGETED_DEVICE_FAMILY = "1,2";
				TEST_TARGET_NAME = Lighter;
			};
			name = Release;
		};
/* End XCBuildConfiguration section */

/* Begin XCConfigurationList section */
		CE097A3724CE98FB0014A4DE /* Build configuration list for PBXProject "Lighter" */ = {
			isa = XCConfigurationList;
			buildConfigurations = (
				CE097A6724CE98FC0014A4DE /* Debug */,
				CE097A6824CE98FC0014A4DE /* Release */,
			);
			defaultConfigurationIsVisible = 0;
			defaultConfigurationName = Release;
		};
		CE097A6924CE98FC0014A4DE /* Build configuration list for PBXNativeTarget "Lighter" */ = {
			isa = XCConfigurationList;
			buildConfigurations = (
				CE097A6A24CE98FC0014A4DE /* Debug */,
				CE097A6B24CE98FC0014A4DE /* Release */,
			);
			defaultConfigurationIsVisible = 0;
			defaultConfigurationName = Release;
		};
		CE097A6C24CE98FC0014A4DE /* Build configuration list for PBXNativeTarget "LighterTests" */ = {
			isa = XCConfigurationList;
			buildConfigurations = (
				CE097A6D24CE98FC0014A4DE /* Debug */,
				CE097A6E24CE98FC0014A4DE /* Release */,
			);
			defaultConfigurationIsVisible = 0;
			defaultConfigurationName = Release;
		};
		CE097A6F24CE98FC0014A4DE /* Build configuration list for PBXNativeTarget "LighterUITests" */ = {
			isa = XCConfigurationList;
			buildConfigurations = (
				CE097A7024CE98FC0014A4DE /* Debug */,
				CE097A7124CE98FC0014A4DE /* Release */,
			);
			defaultConfigurationIsVisible = 0;
			defaultConfigurationName = Release;
		};
/* End XCConfigurationList section */

/* Begin XCVersionGroup section */
		CE097A4324CE98FB0014A4DE /* Lighter.xcdatamodeld */ = {
			isa = XCVersionGroup;
			children = (
				CE097A4424CE98FB0014A4DE /* Lighter.xcdatamodel */,
			);
			currentVersion = CE097A4424CE98FB0014A4DE /* Lighter.xcdatamodel */;
			path = Lighter.xcdatamodeld;
			sourceTree = "<group>";
			versionGroupType = wrapper.xcdatamodel;
		};
/* End XCVersionGroup section */
	};
	rootObject = CE097A3424CE98FB0014A4DE /* Project object */;
}
